{
    "_readme": [
        "This file locks the dependencies of your project to a known state",
        "Read more about it at http://getcomposer.org/doc/01-basic-usage.md#composer-lock-the-lock-file"
    ],
    "hash": "a72492fc501c578e7c155f2c262a188b",
    "packages": [
        {
            "name": "nkrantz/litle-sdk-for-php",
            "version": "dev-master",
            "source": {
                "type": "git",
                "url": "git://github.com/nkrantz23/litle-sdk-for-php",
                "reference": "master"
            },
            "dist": {
                "type": "zip",
                "url": "https://api.github.com/repos/nkrantz23/litle-sdk-for-php/zipball/1b39a59d2b97a0e45d447e08fb0559553ee9de4e",
                "reference": "1b39a59d2b97a0e45d447e08fb0559553ee9de4e",
                "shasum": ""
            },
            "type": "library",
            "autoload": {
                "files": [
                    "lib/LitleOnline.php"
                ]
            },
            "authors": [
                {
                    "name": "Nate Krantz",
                    "email": "nkrantz23@gmail.com"
                }
            ],
            "description": "Modified litle sdk for PHP",
            "support": {
                "source": "https://github.com/nkrantz23/litle-sdk-for-php/tree/master"
            },
            "time": "2013-07-03 18:35:54"
        }
    ],
    "packages-dev": [

    ],
    "aliases": [

    ],
    "minimum-stability": "stable",
    "stability-flags": {
        "nkrantz/litle-sdk-for-php": 20
    },
    "platform": [

    ],
    "platform-dev": [

    ]
}
